
Microsoft Visual Studio Solution File, Format Version 12.00
# Visual Studio Version 17
VisualStudioVersion = 17.0.32112.339
MinimumVisualStudioVersion = 10.0.40219.1
Project("{FAE04EC0-301F-11D3-BF4B-00C04F79EFBC}") = "Conversor_Temperatura", "Conversor_Temperatura\Conversor_Temperatura.csproj", "{B9ABD374-8956-408C-90AB-4C2E5022ECE5}"
EndProject
Global
	GlobalSection(SolutionConfigurationPlatforms) = preSolution
		Debug|Any CPU = Debug|Any CPU
		Release|Any CPU = Release|Any CPU
	EndGlobalSection
	GlobalSection(ProjectConfigurationPlatforms) = postSolution
		{B9ABD374-8956-408C-90AB-4C2E5022ECE5}.Debug|Any CPU.ActiveCfg = Debug|Any CPU
		{B9ABD374-8956-408C-90AB-4C2E5022ECE5}.Debug|Any CPU.Build.0 = Debug|Any CPU
		{B9ABD374-8956-408C-90AB-4C2E5022ECE5}.Release|Any CPU.ActiveCfg = Release|Any CPU
		{B9ABD374-8956-408C-90AB-4C2E5022ECE5}.Release|Any CPU.Build.0 = Release|Any CPU
	EndGlobalSection
	GlobalSection(SolutionProperties) = preSolution
		HideSolutionNode = FALSE
	EndGlobalSection
	GlobalSection(ExtensibilityGlobals) = postSolution
		SolutionGuid = {A2F61A67-5082-418D-888C-27D0D7ED878C}
	EndGlobalSection
EndGlobal
